<?xml version="1.0" encoding="utf-8"?>
<Project ToolsVersion="4.0" xmlns="http://schemas.microsoft.com/developer/msbuild/2003">
  <ItemGroup>
    <Filter Include="Source Files">
      <UniqueIdentifier>{4FC737F1-C7A5-4376-A066-2A32D752A2FF}</UniqueIdentifier>
      <Extensions>cpp;c;cc;cxx;def;odl;idl;hpj;bat;asm;asmx</Extensions>
    </Filter>
    <Filter Include="Header Files">
      <UniqueIdentifier>{93995380-89BD-4b04-88EB-625FBE52EBFB}</UniqueIdentifier>
      <Extensions>h;hh;hpp;hxx;hm;inl;inc;xsd</Extensions>
    </Filter>
  </ItemGroup>
  <ItemGroup>
    <ClInclude Include="..\SphinxNative\src\libpocketsphinx\ptm_mgau.h">
      <Filter>Header Files</Filter>
    </ClInclude>
    <ClInclude Include="..\SphinxNative\src\libpocketsphinx\dict2pid.h">
      <Filter>Header Files</Filter>
    </ClInclude>
    <ClInclude Include="..\SphinxNative\src\libpocketsphinx\s3types.h">
      <Filter>Header Files</Filter>
    </ClInclude>
    <ClInclude Include="..\SphinxNative\src\libpocketsphinx\kws_detections.h">
      <Filter>Header Files</Filter>
    </ClInclude>
    <ClInclude Include="..\SphinxNative\src\libpocketsphinx\tied_mgau_common.h">
      <Filter>Header Files</Filter>
    </ClInclude>
    <ClInclude Include="..\SphinxNative\src\libpocketsphinx\pocketsphinx_internal.h">
      <Filter>Header Files</Filter>
    </ClInclude>
    <ClInclude Include="..\SphinxNative\src\libpocketsphinx\ps_alignment.h">
      <Filter>Header Files</Filter>
    </ClInclude>
    <ClInclude Include="..\SphinxNative\src\libpocketsphinx\fsg_search_internal.h">
      <Filter>Header Files</Filter>
    </ClInclude>
    <ClInclude Include="..\SphinxNative\src\libpocketsphinx\fsg_history.h">
      <Filter>Header Files</Filter>
    </ClInclude>
    <ClInclude Include="..\SphinxNative\src\libpocketsphinx\s2_semi_mgau.h">
      <Filter>Header Files</Filter>
    </ClInclude>
    <ClInclude Include="..\SphinxNative\src\libpocketsphinx\ms_mgau.h">
      <Filter>Header Files</Filter>
    </ClInclude>
    <ClInclude Include="..\SphinxNative\src\libpocketsphinx\mdef.h">
      <Filter>Header Files</Filter>
    </ClInclude>
    <ClInclude Include="..\SphinxNative\src\libpocketsphinx\acmod.h">
      <Filter>Header Files</Filter>
    </ClInclude>
    <ClInclude Include="..\SphinxNative\src\libpocketsphinx\blkarray_list.h">
      <Filter>Header Files</Filter>
    </ClInclude>
    <ClInclude Include="..\SphinxNative\src\libpocketsphinx\bin_mdef.h">
      <Filter>Header Files</Filter>
    </ClInclude>
    <ClInclude Include="..\SphinxNative\src\libpocketsphinx\ngram_search.h">
      <Filter>Header Files</Filter>
    </ClInclude>
    <ClInclude Include="..\SphinxNative\src\libpocketsphinx\fsg_lextree.h">
      <Filter>Header Files</Filter>
    </ClInclude>
    <ClInclude Include="..\SphinxNative\src\libpocketsphinx\tmat.h">
      <Filter>Header Files</Filter>
    </ClInclude>
    <ClInclude Include="..\SphinxNative\src\libpocketsphinx\dict.h">
      <Filter>Header Files</Filter>
    </ClInclude>
    <ClInclude Include="..\SphinxNative\src\libpocketsphinx\kws_search.h">
      <Filter>Header Files</Filter>
    </ClInclude>
    <ClInclude Include="..\SphinxNative\src\libpocketsphinx\ms_senone.h">
      <Filter>Header Files</Filter>
    </ClInclude>
    <ClInclude Include="..\SphinxNative\src\libpocketsphinx\ps_lattice_internal.h">
      <Filter>Header Files</Filter>
    </ClInclude>
    <ClInclude Include="..\SphinxNative\src\libpocketsphinx\hmm.h">
      <Filter>Header Files</Filter>
    </ClInclude>
    <ClInclude Include="..\SphinxNative\src\libpocketsphinx\ms_gauden.h">
      <Filter>Header Files</Filter>
    </ClInclude>
    <ClInclude Include="..\SphinxNative\src\libpocketsphinx\ngram_search_fwdflat.h">
      <Filter>Header Files</Filter>
    </ClInclude>
    <ClInclude Include="..\SphinxNative\src\libpocketsphinx\phone_loop_search.h">
      <Filter>Header Files</Filter>
    </ClInclude>
    <ClInclude Include="..\SphinxNative\src\libpocketsphinx\vector.h">
      <Filter>Header Files</Filter>
    </ClInclude>
    <ClInclude Include="..\SphinxNative\src\libpocketsphinx\state_align_search.h">
      <Filter>Header Files</Filter>
    </ClInclude>
    <ClInclude Include="..\SphinxNative\src\libpocketsphinx\ngram_search_fwdtree.h">
      <Filter>Header Files</Filter>
    </ClInclude>
    <ClInclude Include="..\SphinxNative\src\libpocketsphinx\allphone_search.h">
      <Filter>Header Files</Filter>
    </ClInclude>
  </ItemGroup>
  <ItemGroup>
    <ClCompile Include="..\SphinxNative\src\libpocketsphinx\dict2pid.c">
      <Filter>Source Files</Filter>
    </ClCompile>
    <ClCompile Include="..\SphinxNative\src\libpocketsphinx\bin_mdef.c">
      <Filter>Source Files</Filter>
    </ClCompile>
    <ClCompile Include="..\SphinxNative\src\libpocketsphinx\fsg_lextree.c">
      <Filter>Source Files</Filter>
    </ClCompile>
    <ClCompile Include="..\SphinxNative\src\libpocketsphinx\kws_detections.c">
      <Filter>Source Files</Filter>
    </ClCompile>
    <ClCompile Include="..\SphinxNative\src\libpocketsphinx\ms_gauden.c">
      <Filter>Source Files</Filter>
    </ClCompile>
    <ClCompile Include="..\SphinxNative\src\libpocketsphinx\phone_loop_search.c">
      <Filter>Source Files</Filter>
    </ClCompile>
    <ClCompile Include="..\SphinxNative\src\libpocketsphinx\ngram_search_fwdflat.c">
      <Filter>Source Files</Filter>
    </ClCompile>
    <ClCompile Include="..\SphinxNative\src\libpocketsphinx\ptm_mgau.c">
      <Filter>Source Files</Filter>
    </ClCompile>
    <ClCompile Include="..\SphinxNative\src\libpocketsphinx\ps_alignment.c">
      <Filter>Source Files</Filter>
    </ClCompile>
    <ClCompile Include="..\SphinxNative\src\libpocketsphinx\ps_lattice.c">
      <Filter>Source Files</Filter>
    </ClCompile>
    <ClCompile Include="..\SphinxNative\src\libpocketsphinx\dict.c">
      <Filter>Source Files</Filter>
    </ClCompile>
    <ClCompile Include="..\SphinxNative\src\libpocketsphinx\tmat.c">
      <Filter>Source Files</Filter>
    </ClCompile>
    <ClCompile Include="..\SphinxNative\src\libpocketsphinx\ms_mgau.c">
      <Filter>Source Files</Filter>
    </ClCompile>
    <ClCompile Include="..\SphinxNative\src\libpocketsphinx\ngram_search_fwdtree.c">
      <Filter>Source Files</Filter>
    </ClCompile>
    <ClCompile Include="..\SphinxNative\src\libpocketsphinx\kws_search.c">
      <Filter>Source Files</Filter>
    </ClCompile>
    <ClCompile Include="..\SphinxNative\src\libpocketsphinx\hmm.c">
      <Filter>Source Files</Filter>
    </ClCompile>
    <ClCompile Include="..\SphinxNative\src\libpocketsphinx\vector.c">
      <Filter>Source Files</Filter>
    </ClCompile>
    <ClCompile Include="..\SphinxNative\src\libpocketsphinx\state_align_search.c">
      <Filter>Source Files</Filter>
    </ClCompile>
    <ClCompile Include="..\SphinxNative\src\libpocketsphinx\fsg_history.c">
      <Filter>Source Files</Filter>
    </ClCompile>
    <ClCompile Include="..\SphinxNative\src\libpocketsphinx\allphone_search.c">
      <Filter>Source Files</Filter>
    </ClCompile>
    <ClCompile Include="..\SphinxNative\src\libpocketsphinx\blkarray_list.c">
      <Filter>Source Files</Filter>
    </ClCompile>
    <ClCompile Include="..\SphinxNative\src\libpocketsphinx\ps_mllr.c">
      <Filter>Source Files</Filter>
    </ClCompile>
    <ClCompile Include="..\SphinxNative\src\libpocketsphinx\mdef.c">
      <Filter>Source Files</Filter>
    </ClCompile>
    <ClCompile Include="..\SphinxNative\src\libpocketsphinx\acmod.c">
      <Filter>Source Files</Filter>
    </ClCompile>
    <ClCompile Include="..\SphinxNative\src\libpocketsphinx\s2_semi_mgau.c">
      <Filter>Source Files</Filter>
    </ClCompile>
    <ClCompile Include="..\SphinxNative\src\libpocketsphinx\ms_senone.c">
      <Filter>Source Files</Filter>
    </ClCompile>
    <ClCompile Include="..\SphinxNative\src\libpocketsphinx\pocketsphinx.c">
      <Filter>Source Files</Filter>
    </ClCompile>
    <ClCompile Include="..\SphinxNative\src\libpocketsphinx\fsg_search.c">
      <Filter>Source Files</Filter>
    </ClCompile>
    <ClCompile Include="..\SphinxNative\src\libpocketsphinx\ngram_search.c">
      <Filter>Source Files</Filter>
    </ClCompile>
  </ItemGroup>
</Project>